
Microsoft Visual Studio Solution File, Format Version 12.00
# Visual Studio Version 17
VisualStudioVersion = 17.8.34322.80
MinimumVisualStudioVersion = 10.0.40219.1
Project("{FAE04EC0-301F-11D3-BF4B-00C04F79EFBC}") = "OrderingSystem", "OrderingSystem\OrderingSystem.csproj", "{0A347554-5B2D-4675-9BEC-F76EA140BC2A}"
EndProject
Global
	GlobalSection(SolutionConfigurationPlatforms) = preSolution
		Debug|Any CPU = Debug|Any CPU
		Release|Any CPU = Release|Any CPU
	EndGlobalSection
	GlobalSection(ProjectConfigurationPlatforms) = postSolution
		{0A347554-5B2D-4675-9BEC-F76EA140BC2A}.Debug|Any CPU.ActiveCfg = Debug|Any CPU
		{0A347554-5B2D-4675-9BEC-F76EA140BC2A}.Debug|Any CPU.Build.0 = Debug|Any CPU
		{0A347554-5B2D-4675-9BEC-F76EA140BC2A}.Release|Any CPU.ActiveCfg = Release|Any CPU
		{0A347554-5B2D-4675-9BEC-F76EA140BC2A}.Release|Any CPU.Build.0 = Release|Any CPU
	EndGlobalSection
	GlobalSection(SolutionProperties) = preSolution
		HideSolutionNode = FALSE
	EndGlobalSection
	GlobalSection(ExtensibilityGlobals) = postSolution
		SolutionGuid = {7767B116-E6C4-45DA-92D9-23BA11A87E08}
	EndGlobalSection
EndGlobal
